// !$*UTF8*$!
{
	archiveVersion = 1;
	classes = {
	};
	objectVersion = 50;
	objects = {

/* Begin PBXBuildFile section */
		5A7B61D35E5F6AFED4819569 /* libPods-SD_webImageviewTest.a in Frameworks */ = {isa = PBXBuildFile; fileRef = FF65B3C12686F3279A488447 /* libPods-SD_webImageviewTest.a */; };
		CD0C3135212118D300BA29CF /* AppDelegate.m in Sources */ = {isa = PBXBuildFile; fileRef = CD0C3134212118D300BA29CF /* AppDelegate.m */; };
		CD0C3138212118D300BA29CF /* ViewController.m in Sources */ = {isa = PBXBuildFile; fileRef = CD0C3137212118D300BA29CF /* ViewController.m */; };
		CD0C313B212118D300BA29CF /* Main.storyboard in Resources */ = {isa = PBXBuildFile; fileRef = CD0C3139212118D300BA29CF /* Main.storyboard */; };
		CD0C313D212118D400BA29CF /* Assets.xcassets in Resources */ = {isa = PBXBuildFile; fileRef = CD0C313C212118D400BA29CF /* Assets.xcassets */; };
		CD0C3140212118D400BA29CF /* LaunchScreen.storyboard in Resources */ = {isa = PBXBuildFile; fileRef = CD0C313E212118D400BA29CF /* LaunchScreen.storyboard */; };
		CD0C3143212118D400BA29CF /* main.m in Sources */ = {isa = PBXBuildFile; fileRef = CD0C3142212118D400BA29CF /* main.m */; };
		CD0C314F21212CDB00BA29CF /* BaseViewController.m in Sources */ = {isa = PBXBuildFile; fileRef = CD0C314E21212CDB00BA29CF /* BaseViewController.m */; };
		CD0C315221212D6A00BA29CF /* DownLoadImageViewController.m in Sources */ = {isa = PBXBuildFile; fileRef = CD0C315121212D6A00BA29CF /* DownLoadImageViewController.m */; };
		CD0C315521212F2900BA29CF /* LoadImageViewController.m in Sources */ = {isa = PBXBuildFile; fileRef = CD0C315421212F2900BA29CF /* LoadImageViewController.m */; };
/* End PBXBuildFile section */

/* Begin PBXFileReference section */
		6AD5D765F1566DFC68C826F5 /* Pods-SD_webImageviewTest.release.xcconfig */ = {isa = PBXFileReference; includeInIndex = 1; lastKnownFileType = text.xcconfig; name = "Pods-SD_webImageviewTest.release.xcconfig"; path = "Pods/Target Support Files/Pods-SD_webImageviewTest/Pods-SD_webImageviewTest.release.xcconfig"; sourceTree = "<group>"; };
		BA5FE80C80ADAA0349A645C0 /* Pods-SD_webImageviewTest.debug.xcconfig */ = {isa = PBXFileReference; includeInIndex = 1; lastKnownFileType = text.xcconfig; name = "Pods-SD_webImageviewTest.debug.xcconfig"; path = "Pods/Target Support Files/Pods-SD_webImageviewTest/Pods-SD_webImageviewTest.debug.xcconfig"; sourceTree = "<group>"; };
		CD0C3130212118D300BA29CF /* SD_webImageviewTest.app */ = {isa = PBXFileReference; explicitFileType = wrapper.application; includeInIndex = 0; path = SD_webImageviewTest.app; sourceTree = BUILT_PRODUCTS_DIR; };
		CD0C3133212118D300BA29CF /* AppDelegate.h */ = {isa = PBXFileReference; lastKnownFileType = sourcecode.c.h; path = AppDelegate.h; sourceTree = "<group>"; };
		CD0C3134212118D300BA29CF /* AppDelegate.m */ = {isa = PBXFileReference; lastKnownFileType = sourcecode.c.objc; path = AppDelegate.m; sourceTree = "<group>"; };
		CD0C3136212118D300BA29CF /* ViewController.h */ = {isa = PBXFileReference; lastKnownFileType = sourcecode.c.h; path = ViewController.h; sourceTree = "<group>"; };
		CD0C3137212118D300BA29CF /* ViewController.m */ = {isa = PBXFileReference; lastKnownFileType = sourcecode.c.objc; path = ViewController.m; sourceTree = "<group>"; };
		CD0C313A212118D300BA29CF /* Base */ = {isa = PBXFileReference; lastKnownFileType = file.storyboard; name = Base; path = Base.lproj/Main.storyboard; sourceTree = "<group>"; };
		CD0C313C212118D400BA29CF /* Assets.xcassets */ = {isa = PBXFileReference; lastKnownFileType = folder.assetcatalog; path = Assets.xcassets; sourceTree = "<group>"; };
		CD0C313F212118D400BA29CF /* Base */ = {isa = PBXFileReference; lastKnownFileType = file.storyboard; name = Base; path = Base.lproj/LaunchScreen.storyboard; sourceTree = "<group>"; };
		CD0C3141212118D400BA29CF /* Info.plist */ = {isa = PBXFileReference; lastKnownFileType = text.plist.xml; path = Info.plist; sourceTree = "<group>"; };
		CD0C3142212118D400BA29CF /* main.m */ = {isa = PBXFileReference; lastKnownFileType = sourcecode.c.objc; path = main.m; sourceTree = "<group>"; };
		CD0C314D21212CDB00BA29CF /* BaseViewController.h */ = {isa = PBXFileReference; lastKnownFileType = sourcecode.c.h; path = BaseViewController.h; sourceTree = "<group>"; };
		CD0C314E21212CDB00BA29CF /* BaseViewController.m */ = {isa = PBXFileReference; lastKnownFileType = sourcecode.c.objc; path = BaseViewController.m; sourceTree = "<group>"; };
		CD0C315021212D6A00BA29CF /* DownLoadImageViewController.h */ = {isa = PBXFileReference; lastKnownFileType = sourcecode.c.h; path = DownLoadImageViewController.h; sourceTree = "<group>"; };
		CD0C315121212D6A00BA29CF /* DownLoadImageViewController.m */ = {isa = PBXFileReference; lastKnownFileType = sourcecode.c.objc; path = DownLoadImageViewController.m; sourceTree = "<group>"; };
		CD0C315321212F2900BA29CF /* LoadImageViewController.h */ = {isa = PBXFileReference; lastKnownFileType = sourcecode.c.h; path = LoadImageViewController.h; sourceTree = "<group>"; };
		CD0C315421212F2900BA29CF /* LoadImageViewController.m */ = {isa = PBXFileReference; lastKnownFileType = sourcecode.c.objc; path = LoadImageViewController.m; sourceTree = "<group>"; };
		FF65B3C12686F3279A488447 /* libPods-SD_webImageviewTest.a */ = {isa = PBXFileReference; explicitFileType = archive.ar; includeInIndex = 0; path = "libPods-SD_webImageviewTest.a"; sourceTree = BUILT_PRODUCTS_DIR; };
/* End PBXFileReference section */

/* Begin PBXFrameworksBuildPhase section */
		CD0C312D212118D300BA29CF /* Frameworks */ = {
			isa = PBXFrameworksBuildPhase;
			buildActionMask = 2147483647;
			files = (
				5A7B61D35E5F6AFED4819569 /* libPods-SD_webImageviewTest.a in Frameworks */,
			);
			runOnlyForDeploymentPostprocessing = 0;
		};
/* End PBXFrameworksBuildPhase section */

/* Begin PBXGroup section */
		0BA03AE156325443878FFD4E /* Pods */ = {
			isa = PBXGroup;
			children = (
				BA5FE80C80ADAA0349A645C0 /* Pods-SD_webImageviewTest.debug.xcconfig */,
				6AD5D765F1566DFC68C826F5 /* Pods-SD_webImageviewTest.release.xcconfig */,
			);
			name = Pods;
			sourceTree = "<group>";
		};
		CD0C3127212118D300BA29CF = {
			isa = PBXGroup;
			children = (
				CD0C3132212118D300BA29CF /* SD_webImageviewTest */,
				CD0C3131212118D300BA29CF /* Products */,
				0BA03AE156325443878FFD4E /* Pods */,
				EA2AF66F5AC04B7AE55231BB /* Frameworks */,
			);
			sourceTree = "<group>";
		};
		CD0C3131212118D300BA29CF /* Products */ = {
			isa = PBXGroup;
			children = (
				CD0C3130212118D300BA29CF /* SD_webImageviewTest.app */,
			);
			name = Products;
			sourceTree = "<group>";
		};
		CD0C3132212118D300BA29CF /* SD_webImageviewTest */ = {
			isa = PBXGroup;
			children = (
				CD0C31492121272A00BA29CF /* ViewControllers */,
				CD0C3133212118D300BA29CF /* AppDelegate.h */,
				CD0C3134212118D300BA29CF /* AppDelegate.m */,
				CD0C3136212118D300BA29CF /* ViewController.h */,
				CD0C3137212118D300BA29CF /* ViewController.m */,
				CD0C3139212118D300BA29CF /* Main.storyboard */,
				CD0C313C212118D400BA29CF /* Assets.xcassets */,
				CD0C313E212118D400BA29CF /* LaunchScreen.storyboard */,
				CD0C3141212118D400BA29CF /* Info.plist */,
				CD0C3142212118D400BA29CF /* main.m */,
			);
			path = SD_webImageviewTest;
			sourceTree = "<group>";
		};
		CD0C31492121272A00BA29CF /* ViewControllers */ = {
			isa = PBXGroup;
			children = (
				CD0C314D21212CDB00BA29CF /* BaseViewController.h */,
				CD0C314E21212CDB00BA29CF /* BaseViewController.m */,
				CD0C315321212F2900BA29CF /* LoadImageViewController.h */,
				CD0C315421212F2900BA29CF /* LoadImageViewController.m */,
				CD0C315021212D6A00BA29CF /* DownLoadImageViewController.h */,
				CD0C315121212D6A00BA29CF /* DownLoadImageViewController.m */,
			);
			path = ViewControllers;
			sourceTree = "<group>";
		};
		EA2AF66F5AC04B7AE55231BB /* Frameworks */ = {
			isa = PBXGroup;
			children = (
				FF65B3C12686F3279A488447 /* libPods-SD_webImageviewTest.a */,
			);
			name = Frameworks;
			sourceTree = "<group>";
		};
/* End PBXGroup section */

/* Begin PBXNativeTarget section */
		CD0C312F212118D300BA29CF /* SD_webImageviewTest */ = {
			isa = PBXNativeTarget;
			buildConfigurationList = CD0C3146212118D400BA29CF /* Build configuration list for PBXNativeTarget "SD_webImageviewTest" */;
			buildPhases = (
				8071CFA98C6BD9A042F904B4 /* [CP] Check Pods Manifest.lock */,
				CD0C312C212118D300BA29CF /* Sources */,
				CD0C312D212118D300BA29CF /* Frameworks */,
				CD0C312E212118D300BA29CF /* Resources */,
			);
			buildRules = (
			);
			dependencies = (
			);
			name = SD_webImageviewTest;
			productName = SD_webImageviewTest;
			productReference = CD0C3130212118D300BA29CF /* SD_webImageviewTest.app */;
			productType = "com.apple.product-type.application";
		};
/* End PBXNativeTarget section */

/* Begin PBXProject section */
		CD0C3128212118D300BA29CF /* Project object */ = {
			isa = PBXProject;
			attributes = {
				LastUpgradeCheck = 0940;
				ORGANIZATIONNAME = iWhere;
				TargetAttributes = {
					CD0C312F212118D300BA29CF = {
						CreatedOnToolsVersion = 9.4.1;
					};
				};
			};
			buildConfigurationList = CD0C312B212118D300BA29CF /* Build configuration list for PBXProject "SD_webImageviewTest" */;
			compatibilityVersion = "Xcode 9.3";
			developmentRegion = en;
			hasScannedForEncodings = 0;
			knownRegions = (
				en,
				Base,
			);
			mainGroup = CD0C3127212118D300BA29CF;
			productRefGroup = CD0C3131212118D300BA29CF /* Products */;
			projectDirPath = "";
			projectRoot = "";
			targets = (
				CD0C312F212118D300BA29CF /* SD_webImageviewTest */,
			);
		};
/* End PBXProject section */

/* Begin PBXResourcesBuildPhase section */
		CD0C312E212118D300BA29CF /* Resources */ = {
			isa = PBXResourcesBuildPhase;
			buildActionMask = 2147483647;
			files = (
				CD0C3140212118D400BA29CF /* LaunchScreen.storyboard in Resources */,
				CD0C313D212118D400BA29CF /* Assets.xcassets in Resources */,
				CD0C313B212118D300BA29CF /* Main.storyboard in Resources */,
			);
			runOnlyForDeploymentPostprocessing = 0;
		};
/* End PBXResourcesBuildPhase section */

/* Begin PBXShellScriptBuildPhase section */
		8071CFA98C6BD9A042F904B4 /* [CP] Check Pods Manifest.lock */ = {
			isa = PBXShellScriptBuildPhase;
			buildActionMask = 2147483647;
			files = (
			);
			inputPaths = (
				"${PODS_PODFILE_DIR_PATH}/Podfile.lock",
				"${PODS_ROOT}/Manifest.lock",
			);
			name = "[CP] Check Pods Manifest.lock";
			outputPaths = (
				"$(DERIVED_FILE_DIR)/Pods-SD_webImageviewTest-checkManifestLockResult.txt",
			);
			runOnlyForDeploymentPostprocessing = 0;
			shellPath = /bin/sh;
			shellScript = "diff \"${PODS_PODFILE_DIR_PATH}/Podfile.lock\" \"${PODS_ROOT}/Manifest.lock\" > /dev/null\nif [ $? != 0 ] ; then\n    # print error to STDERR\n    echo \"error: The sandbox is not in sync with the Podfile.lock. Run 'pod install' or update your CocoaPods installation.\" >&2\n    exit 1\nfi\n# This output is used by Xcode 'outputs' to avoid re-running this script phase.\necho \"SUCCESS\" > \"${SCRIPT_OUTPUT_FILE_0}\"\n";
			showEnvVarsInLog = 0;
		};
/* End PBXShellScriptBuildPhase section */

/* Begin PBXSourcesBuildPhase section */
		CD0C312C212118D300BA29CF /* Sources */ = {
			isa = PBXSourcesBuildPhase;
			buildActionMask = 2147483647;
			files = (
				CD0C315221212D6A00BA29CF /* DownLoadImageViewController.m in Sources */,
				CD0C3138212118D300BA29CF /* ViewController.m in Sources */,
				CD0C315521212F2900BA29CF /* LoadImageViewController.m in Sources */,
				CD0C314F21212CDB00BA29CF /* BaseViewController.m in Sources */,
				CD0C3143212118D400BA29CF /* main.m in Sources */,
				CD0C3135212118D300BA29CF /* AppDelegate.m in Sources */,
			);
			runOnlyForDeploymentPostprocessing = 0;
		};
/* End PBXSourcesBuildPhase section */

/* Begin PBXVariantGroup section */
		CD0C3139212118D300BA29CF /* Main.storyboard */ = {
			isa = PBXVariantGroup;
			children = (
				CD0C313A212118D300BA29CF /* Base */,
			);
			name = Main.storyboard;
			sourceTree = "<group>";
		};
		CD0C313E212118D400BA29CF /* LaunchScreen.storyboard */ = {
			isa = PBXVariantGroup;
			children = (
				CD0C313F212118D400BA29CF /* Base */,
			);
			name = LaunchScreen.storyboard;
			sourceTree = "<group>";
		};
/* End PBXVariantGroup section */

/* Begin XCBuildConfiguration section */
		CD0C3144212118D400BA29CF /* Debug */ = {
			isa = XCBuildConfiguration;
			buildSettings = {
				ALWAYS_SEARCH_USER_PATHS = NO;
				CLANG_ANALYZER_NONNULL = YES;
				CLANG_ANALYZER_NUMBER_OBJECT_CONVERSION = YES_AGGRESSIVE;
				CLANG_CXX_LANGUAGE_STANDARD = "gnu++14";
				CLANG_CXX_LIBRARY = "libc++";
				CLANG_ENABLE_MODULES = YES;
				CLANG_ENABLE_OBJC_ARC = YES;
				CLANG_ENABLE_OBJC_WEAK = YES;
				CLANG_WARN_BLOCK_CAPTURE_AUTORELEASING = YES;
				CLANG_WARN_BOOL_CONVERSION = YES;
				CLANG_WARN_COMMA = YES;
				CLANG_WARN_CONSTANT_CONVERSION = YES;
				CLANG_WARN_DEPRECATED_OBJC_IMPLEMENTATIONS = YES;
				CLANG_WARN_DIRECT_OBJC_ISA_USAGE = YES_ERROR;
				CLANG_WARN_DOCUMENTATION_COMMENTS = YES;
				CLANG_WARN_EMPTY_BODY = YES;
				CLANG_WARN_ENUM_CONVERSION = YES;
				CLANG_WARN_INFINITE_RECURSION = YES;
				CLANG_WARN_INT_CONVERSION = YES;
				CLANG_WARN_NON_LITERAL_NULL_CONVERSION = YES;
				CLANG_WARN_OBJC_IMPLICIT_RETAIN_SELF = YES;
				CLANG_WARN_OBJC_LITERAL_CONVERSION = YES;
				CLANG_WARN_OBJC_ROOT_CLASS = YES_ERROR;
				CLANG_WARN_RANGE_LOOP_ANALYSIS = YES;
				CLANG_WARN_STRICT_PROTOTYPES = YES;
				CLANG_WARN_SUSPICIOUS_MOVE = YES;
				CLANG_WARN_UNGUARDED_AVAILABILITY = YES_AGGRESSIVE;
				CLANG_WARN_UNREACHABLE_CODE = YES;
				CLANG_WARN__DUPLICATE_METHOD_MATCH = YES;
				CODE_SIGN_IDENTITY = "iPhone Developer";
				COPY_PHASE_STRIP = NO;
				DEBUG_INFORMATION_FORMAT = dwarf;
				ENABLE_STRICT_OBJC_MSGSEND = YES;
				ENABLE_TESTABILITY = YES;
				GCC_C_LANGUAGE_STANDARD = gnu11;
				GCC_DYNAMIC_NO_PIC = NO;
				GCC_NO_COMMON_BLOCKS = YES;
				GCC_OPTIMIZATION_LEVEL = 0;
				GCC_PREPROCESSOR_DEFINITIONS = (
					"DEBUG=1",
					"$(inherited)",
				);
				GCC_WARN_64_TO_32_BIT_CONVERSION = YES;
				GCC_WARN_ABOUT_RETURN_TYPE = YES_ERROR;
				GCC_WARN_UNDECLARED_SELECTOR = YES;
				GCC_WARN_UNINITIALIZED_AUTOS = YES_AGGRESSIVE;
				GCC_WARN_UNUSED_FUNCTION = YES;
				GCC_WARN_UNUSED_VARIABLE = YES;
				IPHONEOS_DEPLOYMENT_TARGET = 11.4;
				MTL_ENABLE_DEBUG_INFO = YES;
				ONLY_ACTIVE_ARCH = YES;
				SDKROOT = iphoneos;
			};
			name = Debug;
		};
		CD0C3145212118D400BA29CF /* Release */ = {
			isa = XCBuildConfiguration;
			buildSettings = {
				ALWAYS_SEARCH_USER_PATHS = NO;
				CLANG_ANALYZER_NONNULL = YES;
				CLANG_ANALYZER_NUMBER_OBJECT_CONVERSION = YES_AGGRESSIVE;
				CLANG_CXX_LANGUAGE_STANDARD = "gnu++14";
				CLANG_CXX_LIBRARY = "libc++";
				CLANG_ENABLE_MODULES = YES;
				CLANG_ENABLE_OBJC_ARC = YES;
				CLANG_ENABLE_OBJC_WEAK = YES;
				CLANG_WARN_BLOCK_CAPTURE_AUTORELEASING = YES;
				CLANG_WARN_BOOL_CONVERSION = YES;
				CLANG_WARN_COMMA = YES;
				CLANG_WARN_CONSTANT_CONVERSION = YES;
				CLANG_WARN_DEPRECATED_OBJC_IMPLEMENTATIONS = YES;
				CLANG_WARN_DIRECT_OBJC_ISA_USAGE = YES_ERROR;
				CLANG_WARN_DOCUMENTATION_COMMENTS = YES;
				CLANG_WARN_EMPTY_BODY = YES;
				CLANG_WARN_ENUM_CONVERSION = YES;
				CLANG_WARN_INFINITE_RECURSION = YES;
				CLANG_WARN_INT_CONVERSION = YES;
				CLANG_WARN_NON_LITERAL_NULL_CONVERSION = YES;
				CLANG_WARN_OBJC_IMPLICIT_RETAIN_SELF = YES;
				CLANG_WARN_OBJC_LITERAL_CONVERSION = YES;
				CLANG_WARN_OBJC_ROOT_CLASS = YES_ERROR;
				CLANG_WARN_RANGE_LOOP_ANALYSIS = YES;
				CLANG_WARN_STRICT_PROTOTYPES = YES;
				CLANG_WARN_SUSPICIOUS_MOVE = YES;
				CLANG_WARN_UNGUARDED_AVAILABILITY = YES_AGGRESSIVE;
				CLANG_WARN_UNREACHABLE_CODE = YES;
				CLANG_WARN__DUPLICATE_METHOD_MATCH = YES;
				CODE_SIGN_IDENTITY = "iPhone Developer";
				COPY_PHASE_STRIP = NO;
				DEBUG_INFORMATION_FORMAT = "dwarf-with-dsym";
				ENABLE_NS_ASSERTIONS = NO;
				ENABLE_STRICT_OBJC_MSGSEND = YES;
				GCC_C_LANGUAGE_STANDARD = gnu11;
				GCC_NO_COMMON_BLOCKS = YES;
				GCC_WARN_64_TO_32_BIT_CONVERSION = YES;
				GCC_WARN_ABOUT_RETURN_TYPE = YES_ERROR;
				GCC_WARN_UNDECLARED_SELECTOR = YES;
				GCC_WARN_UNINITIALIZED_AUTOS = YES_AGGRESSIVE;
				GCC_WARN_UNUSED_FUNCTION = YES;
				GCC_WARN_UNUSED_VARIABLE = YES;
				IPHONEOS_DEPLOYMENT_TARGET = 11.4;
				MTL_ENABLE_DEBUG_INFO = NO;
				SDKROOT = iphoneos;
				VALIDATE_PRODUCT = YES;
			};
			name = Release;
		};
		CD0C3147212118D400BA29CF /* Debug */ = {
			isa = XCBuildConfiguration;
			baseConfigurationReference = BA5FE80C80ADAA0349A645C0 /* Pods-SD_webImageviewTest.debug.xcconfig */;
			buildSettings = {
				ASSETCATALOG_COMPILER_APPICON_NAME = AppIcon;
				CODE_SIGN_STYLE = Automatic;
				DEVELOPMENT_TEAM = T39PJ29RKH;
				INFOPLIST_FILE = SD_webImageviewTest/Info.plist;
				LD_RUNPATH_SEARCH_PATHS = (
					"$(inherited)",
					"@executable_path/Frameworks",
				);
				PRODUCT_BUNDLE_IDENTIFIER = "com.iwhere.SD-webImageviewTest";
				PRODUCT_NAME = "$(TARGET_NAME)";
				TARGETED_DEVICE_FAMILY = "1,2";
			};
			name = Debug;
		};
		CD0C3148212118D400BA29CF /* Release */ = {
			isa = XCBuildConfiguration;
			baseConfigurationReference = 6AD5D765F1566DFC68C826F5 /* Pods-SD_webImageviewTest.release.xcconfig */;
			buildSettings = {
				ASSETCATALOG_COMPILER_APPICON_NAME = AppIcon;
				CODE_SIGN_STYLE = Automatic;
				DEVELOPMENT_TEAM = T39PJ29RKH;
				INFOPLIST_FILE = SD_webImageviewTest/Info.plist;
				LD_RUNPATH_SEARCH_PATHS = (
					"$(inherited)",
					"@executable_path/Frameworks",
				);
				PRODUCT_BUNDLE_IDENTIFIER = "com.iwhere.SD-webImageviewTest";
				PRODUCT_NAME = "$(TARGET_NAME)";
				TARGETED_DEVICE_FAMILY = "1,2";
			};
			name = Release;
		};
/* End XCBuildConfiguration section */

/* Begin XCConfigurationList section */
		CD0C312B212118D300BA29CF /* Build configuration list for PBXProject "SD_webImageviewTest" */ = {
			isa = XCConfigurationList;
			buildConfigurations = (
				CD0C3144212118D400BA29CF /* Debug */,
				CD0C3145212118D400BA29CF /* Release */,
			);
			defaultConfigurationIsVisible = 0;
			defaultConfigurationName = Release;
		};
		CD0C3146212118D400BA29CF /* Build configuration list for PBXNativeTarget "SD_webImageviewTest" */ = {
			isa = XCConfigurationList;
			buildConfigurations = (
				CD0C3147212118D400BA29CF /* Debug */,
				CD0C3148212118D400BA29CF /* Release */,
			);
			defaultConfigurationIsVisible = 0;
			defaultConfigurationName = Release;
		};
/* End XCConfigurationList section */
	};
	rootObject = CD0C3128212118D300BA29CF /* Project object */;
}
